// !$*UTF8*$!
{
	archiveVersion = 1;
	classes = {
	};
	objectVersion = 46;
	objects = {

/* Begin PBXBuildFile section */
		4511B2851B4FB7CF0046DF76 /* AppDelegate.swift in Sources */ = {isa = PBXBuildFile; fileRef = 4511B2841B4FB7CF0046DF76 /* AppDelegate.swift */; };
		4511B28F1B4FB7CF0046DF76 /* Main.storyboard in Resources */ = {isa = PBXBuildFile; fileRef = 4511B28D1B4FB7CF0046DF76 /* Main.storyboard */; };
		4511B2941B4FB7CF0046DF76 /* LaunchScreen.xib in Resources */ = {isa = PBXBuildFile; fileRef = 4511B2921B4FB7CF0046DF76 /* LaunchScreen.xib */; };
		4511B2A01B4FB7CF0046DF76 /* Experiment_GoTests.swift in Sources */ = {isa = PBXBuildFile; fileRef = 4511B29F1B4FB7CF0046DF76 /* Experiment_GoTests.swift */; };
		4511B2AC1B4FBA320046DF76 /* Images.xcassets in Resources */ = {isa = PBXBuildFile; fileRef = 4511B2AB1B4FBA320046DF76 /* Images.xcassets */; };
		451A6A961BBA4F2500544DFF /* GetFollowingUsersOperation.swift in Sources */ = {isa = PBXBuildFile; fileRef = 451A6A951BBA4F2500544DFF /* GetFollowingUsersOperation.swift */; };
		451A6A981BBA686200544DFF /* GetFollowersOperation.swift in Sources */ = {isa = PBXBuildFile; fileRef = 451A6A971BBA686200544DFF /* GetFollowersOperation.swift */; };
		451A6A9A1BBBAF7200544DFF /* GetCurrentUserInteretedExperimentsOperation.swift in Sources */ = {isa = PBXBuildFile; fileRef = 451A6A991BBBAF7200544DFF /* GetCurrentUserInteretedExperimentsOperation.swift */; };
		451A6A9C1BBBD60400544DFF /* GetNotificationLinksOperation.swift in Sources */ = {isa = PBXBuildFile; fileRef = 451A6A9B1BBBD60400544DFF /* GetNotificationLinksOperation.swift */; };
		451A6A9E1BBBDCCD00544DFF /* FanLinkTableViewCell.swift in Sources */ = {isa = PBXBuildFile; fileRef = 451A6A9D1BBBDCCD00544DFF /* FanLinkTableViewCell.swift */; };
		451A6AA01BBBDD2E00544DFF /* FollowLinkTableViewCell.swift in Sources */ = {isa = PBXBuildFile; fileRef = 451A6A9F1BBBDD2E00544DFF /* FollowLinkTableViewCell.swift */; };
		451A6AA21BBBDD4B00544DFF /* ReviewLinkTableViewCell.swift in Sources */ = {isa = PBXBuildFile; fileRef = 451A6AA11BBBDD4B00544DFF /* ReviewLinkTableViewCell.swift */; };
		451A6AA41BBBDD9A00544DFF /* LinkTableViewCell.swift in Sources */ = {isa = PBXBuildFile; fileRef = 451A6AA31BBBDD9A00544DFF /* LinkTableViewCell.swift */; };
		4537CB131B944765004378C3 /* ImageTableViewCell.swift in Sources */ = {isa = PBXBuildFile; fileRef = 4537CB121B944765004378C3 /* ImageTableViewCell.swift */; };
		4537CB151B95680E004378C3 /* EditeTextTableViewController.swift in Sources */ = {isa = PBXBuildFile; fileRef = 4537CB141B95680E004378C3 /* EditeTextTableViewController.swift */; };
		4537CB191B959EF9004378C3 /* SubTitleTableViewCell.swift in Sources */ = {isa = PBXBuildFile; fileRef = 4537CB181B959EF9004378C3 /* SubTitleTableViewCell.swift */; };
		45419AC71BA57F96006F8A83 /* TagCollectionViewCell.swift in Sources */ = {isa = PBXBuildFile; fileRef = 45419AC61BA57F96006F8A83 /* TagCollectionViewCell.swift */; };
		45419AC91BA58B9E006F8A83 /* TagsTableViewCell.swift in Sources */ = {isa = PBXBuildFile; fileRef = 45419AC81BA58B9E006F8A83 /* TagsTableViewCell.swift */; };
		45419ACF1BA81C39006F8A83 /* AppDetailViewController.swift in Sources */ = {isa = PBXBuildFile; fileRef = 45419ACE1BA81C39006F8A83 /* AppDetailViewController.swift */; };
		45629F951B5BC386000F41E6 /* ChameleonFramework.framework in Frameworks */ = {isa = PBXBuildFile; fileRef = 45629F941B5BC386000F41E6 /* ChameleonFramework.framework */; };
		4566C6AB1B55023F0036D845 /* MenuTableViewController.swift in Sources */ = {isa = PBXBuildFile; fileRef = 4566C6AA1B55023F0036D845 /* MenuTableViewController.swift */; };
		45672C0D1B5CE86800B7E8F7 /* PublicExtension.swift in Sources */ = {isa = PBXBuildFile; fileRef = 45672C0C1B5CE86800B7E8F7 /* PublicExtension.swift */; };
		45776EA01BB2A16F002B9003 /* ExperimentsTableViewController.swift in Sources */ = {isa = PBXBuildFile; fileRef = 45776E9F1BB2A16F002B9003 /* ExperimentsTableViewController.swift */; };
		45776EA21BB2BC22002B9003 /* ExperimentAddedDVC.swift in Sources */ = {isa = PBXBuildFile; fileRef = 45776EA11BB2BC22002B9003 /* ExperimentAddedDVC.swift */; };
		45776EA41BB3DF60002B9003 /* OperatorProtocol.swift in Sources */ = {isa = PBXBuildFile; fileRef = 45776EA31BB3DF60002B9003 /* OperatorProtocol.swift */; };
		45776EA61BB5156B002B9003 /* UserDetailViewController.swift in Sources */ = {isa = PBXBuildFile; fileRef = 45776EA51BB5156B002B9003 /* UserDetailViewController.swift */; };
		458713BB1B859751004808A3 /* CacheManager.swift in Sources */ = {isa = PBXBuildFile; fileRef = 458713BA1B859751004808A3 /* CacheManager.swift */; };
		45983D0F1B71CB1000ABCF38 /* SwitchBarButtonItem.swift in Sources */ = {isa = PBXBuildFile; fileRef = 45983D0E1B71CB1000ABCF38 /* SwitchBarButtonItem.swift */; };
		45983D141B73430B00ABCF38 /* CloudKit.framework in Frameworks */ = {isa = PBXBuildFile; fileRef = 45983D131B73430B00ABCF38 /* CloudKit.framework */; };
		459C8BAC1BBBE32800E80CD7 /* NotificationsTableViewController.swift in Sources */ = {isa = PBXBuildFile; fileRef = 459C8BAB1BBBE32800E80CD7 /* NotificationsTableViewController.swift */; };
		45A0230A1BAFCBA600C6BB4B /* CKUsers.swift in Sources */ = {isa = PBXBuildFile; fileRef = 45A023091BAFCBA600C6BB4B /* CKUsers.swift */; };
		45A0230C1BAFCBB400C6BB4B /* CKExperiment.swift in Sources */ = {isa = PBXBuildFile; fileRef = 45A0230B1BAFCBB400C6BB4B /* CKExperiment.swift */; };
		45A0230E1BAFCBD500C6BB4B /* CKItem.swift in Sources */ = {isa = PBXBuildFile; fileRef = 45A0230D1BAFCBD500C6BB4B /* CKItem.swift */; };
		45A023111BAFE42600C6BB4B /* GetCKObjectsOperation.swift in Sources */ = {isa = PBXBuildFile; fileRef = 45A023101BAFE42600C6BB4B /* GetCKObjectsOperation.swift */; };
		45A023181BB01B7700C6BB4B /* GetObjectsWithCreatorUserOperation.swift in Sources */ = {isa = PBXBuildFile; fileRef = 45A023171BB01B7700C6BB4B /* GetObjectsWithCreatorUserOperation.swift */; };
		45A0231A1BB148CF00C6BB4B /* CKLink.swift in Sources */ = {isa = PBXBuildFile; fileRef = 45A023191BB148CF00C6BB4B /* CKLink.swift */; };
		45A0231E1BB15D8700C6BB4B /* ExperimentDetailViewController.swift in Sources */ = {isa = PBXBuildFile; fileRef = 45A0231D1BB15D8700C6BB4B /* ExperimentDetailViewController.swift */; };
		45A023201BB161CC00C6BB4B /* ItemDetailViewController.swift in Sources */ = {isa = PBXBuildFile; fileRef = 45A0231F1BB161CC00C6BB4B /* ItemDetailViewController.swift */; };
		45A2A2421B8AE224004BEF45 /* CloudKitTableViewController.swift in Sources */ = {isa = PBXBuildFile; fileRef = 45A2A2411B8AE224004BEF45 /* CloudKitTableViewController.swift */; };
		45A2A2441B8D7EF5004BEF45 /* CKItemTableViewCell.swift in Sources */ = {isa = PBXBuildFile; fileRef = 45A2A2431B8D7EF5004BEF45 /* CKItemTableViewCell.swift */; };
		45AAB0A21B6E117200595467 /* ReviewTableViewCell.swift in Sources */ = {isa = PBXBuildFile; fileRef = 45AAB0A11B6E117200595467 /* ReviewTableViewCell.swift */; };
		45B6FB6C1BA548040089AC15 /* SearchResultsController.swift in Sources */ = {isa = PBXBuildFile; fileRef = 45B6FB6B1BA548040089AC15 /* SearchResultsController.swift */; };
		45BC4E931B6A145F00A9963F /* UserTableViewCell.swift in Sources */ = {isa = PBXBuildFile; fileRef = 45BC4E921B6A145F00A9963F /* UserTableViewCell.swift */; };
		45BC4E991B6B4F1900A9963F /* ExperimentTableViewCell.swift in Sources */ = {isa = PBXBuildFile; fileRef = 45BC4E981B6B4F1900A9963F /* ExperimentTableViewCell.swift */; };
		45BC4E9E1B6DCDB800A9963F /* DefaultStyleController.swift in Sources */ = {isa = PBXBuildFile; fileRef = 45BC4E9D1B6DCDB800A9963F /* DefaultStyleController.swift */; };
		45C2FC2F1BA01BC4003B190C /* NotificationTableViewCell.swift in Sources */ = {isa = PBXBuildFile; fileRef = 45C2FC2E1BA01BC4003B190C /* NotificationTableViewCell.swift */; };
		45C78D571BB94FF500D0DEC2 /* SearchExperimentsTableViewController.swift in Sources */ = {isa = PBXBuildFile; fileRef = 45C78D561BB94FF500D0DEC2 /* SearchExperimentsTableViewController.swift */; };
		45C78D5A1BB9513500D0DEC2 /* GetUserPostedExperimentsOperation.swift in Sources */ = {isa = PBXBuildFile; fileRef = 45C78D591BB9513500D0DEC2 /* GetUserPostedExperimentsOperation.swift */; };
		45C78D5E1BB95D9B00D0DEC2 /* GetUserLikedExperimentsOperation.swift in Sources */ = {isa = PBXBuildFile; fileRef = 45C78D5D1BB95D9B00D0DEC2 /* GetUserLikedExperimentsOperation.swift */; };
		45CBDF231B9BF9730060AB14 /* EGSplitViewController.swift in Sources */ = {isa = PBXBuildFile; fileRef = 45CBDF221B9BF9730060AB14 /* EGSplitViewController.swift */; };
		45CBDF251B9C16410060AB14 /* StoreKit.framework in Frameworks */ = {isa = PBXBuildFile; fileRef = 45CBDF241B9C16410060AB14 /* StoreKit.framework */; };
		45DDF5CD1BA536300006A269 /* HistoryManager.swift in Sources */ = {isa = PBXBuildFile; fileRef = 45DDF5CC1BA536300006A269 /* HistoryManager.swift */; };
		45E1E21D1BB7AB8C00463B46 /* ReviewsTableViewController.swift in Sources */ = {isa = PBXBuildFile; fileRef = 45E1E21C1BB7AB8C00463B46 /* ReviewsTableViewController.swift */; };
		45E1E21F1BB7AD3100463B46 /* GetReviewsOperation.swift in Sources */ = {isa = PBXBuildFile; fileRef = 45E1E21E1BB7AD3100463B46 /* GetReviewsOperation.swift */; };
		45E1E2211BB7BC2800463B46 /* ReviewViewController.swift in Sources */ = {isa = PBXBuildFile; fileRef = 45E1E2201BB7BC2800463B46 /* ReviewViewController.swift */; };
		45E1E2251BB7D2CD00463B46 /* GetExperimentFansOperation.swift in Sources */ = {isa = PBXBuildFile; fileRef = 45E1E2241BB7D2CD00463B46 /* GetExperimentFansOperation.swift */; };
		45E1E2271BB7D7D400463B46 /* UsersTableViewController.swift in Sources */ = {isa = PBXBuildFile; fileRef = 45E1E2261BB7D7D400463B46 /* UsersTableViewController.swift */; };
		45E1E2291BB7DE1D00463B46 /* SearchExperimentsOperation.swift in Sources */ = {isa = PBXBuildFile; fileRef = 45E1E2281BB7DE1D00463B46 /* SearchExperimentsOperation.swift */; };
		45E1E22B1BB9147000463B46 /* EditeImageTableViewController.swift in Sources */ = {isa = PBXBuildFile; fileRef = 45E1E22A1BB9147000463B46 /* EditeImageTableViewController.swift */; };
		45E1E22D1BB9182E00463B46 /* EditeValueTableViewController.swift in Sources */ = {isa = PBXBuildFile; fileRef = 45E1E22C1BB9182E00463B46 /* EditeValueTableViewController.swift */; };
		45F2E0891BA57F4100785F0B /* EditeTagsCollectionViewController.swift in Sources */ = {isa = PBXBuildFile; fileRef = 45F2E0881BA57F4100785F0B /* EditeTagsCollectionViewController.swift */; };
		45FC5F771B6DD7080045F178 /* MenuItemTableViewCell.swift in Sources */ = {isa = PBXBuildFile; fileRef = 45FC5F761B6DD7080045F178 /* MenuItemTableViewCell.swift */; };
		AF79662E4748E3048A76116B /* Pods_Experiment_Go.framework in Frameworks */ = {isa = PBXBuildFile; fileRef = 2877209060858C580BC83B66 /* Pods_Experiment_Go.framework */; settings = {ATTRIBUTES = (Weak, ); }; };
/* End PBXBuildFile section */

/* Begin PBXContainerItemProxy section */
		4511B29A1B4FB7CF0046DF76 /* PBXContainerItemProxy */ = {
			isa = PBXContainerItemProxy;
			containerPortal = 4511B2771B4FB7CF0046DF76 /* Project object */;
			proxyType = 1;
			remoteGlobalIDString = 4511B27E1B4FB7CF0046DF76;
			remoteInfo = "Experiment Go";
		};
/* End PBXContainerItemProxy section */

/* Begin PBXFileReference section */
		2877209060858C580BC83B66 /* Pods_Experiment_Go.framework */ = {isa = PBXFileReference; explicitFileType = wrapper.framework; includeInIndex = 0; path = Pods_Experiment_Go.framework; sourceTree = BUILT_PRODUCTS_DIR; };
		366775A447029F1684C5AC49 /* Pods-Experiment Go.debug.xcconfig */ = {isa = PBXFileReference; includeInIndex = 1; lastKnownFileType = text.xcconfig; name = "Pods-Experiment Go.debug.xcconfig"; path = "Pods/Target Support Files/Pods-Experiment Go/Pods-Experiment Go.debug.xcconfig"; sourceTree = "<group>"; };
		4511B27F1B4FB7CF0046DF76 /* Experiment Go.app */ = {isa = PBXFileReference; explicitFileType = wrapper.application; includeInIndex = 0; path = "Experiment Go.app"; sourceTree = BUILT_PRODUCTS_DIR; };
		4511B2831B4FB7CF0046DF76 /* Info.plist */ = {isa = PBXFileReference; lastKnownFileType = text.plist.xml; path = Info.plist; sourceTree = "<group>"; };
		4511B2841B4FB7CF0046DF76 /* AppDelegate.swift */ = {isa = PBXFileReference; lastKnownFileType = sourcecode.swift; path = AppDelegate.swift; sourceTree = "<group>"; };
		4511B28E1B4FB7CF0046DF76 /* Base */ = {isa = PBXFileReference; lastKnownFileType = file.storyboard; name = Base; path = Base.lproj/Main.storyboard; sourceTree = "<group>"; };
		4511B2931B4FB7CF0046DF76 /* Base */ = {isa = PBXFileReference; lastKnownFileType = file.xib; name = Base; path = Base.lproj/LaunchScreen.xib; sourceTree = "<group>"; };
		4511B2991B4FB7CF0046DF76 /* Experiment GoTests.xctest */ = {isa = PBXFileReference; explicitFileType = wrapper.cfbundle; includeInIndex = 0; path = "Experiment GoTests.xctest"; sourceTree = BUILT_PRODUCTS_DIR; };
		4511B29E1B4FB7CF0046DF76 /* Info.plist */ = {isa = PBXFileReference; lastKnownFileType = text.plist.xml; path = Info.plist; sourceTree = "<group>"; };
		4511B29F1B4FB7CF0046DF76 /* Experiment_GoTests.swift */ = {isa = PBXFileReference; lastKnownFileType = sourcecode.swift; path = Experiment_GoTests.swift; sourceTree = "<group>"; };
		4511B2AB1B4FBA320046DF76 /* Images.xcassets */ = {isa = PBXFileReference; lastKnownFileType = folder.assetcatalog; path = Images.xcassets; sourceTree = "<group>"; };
		4511B2B01B4FBACA0046DF76 /* Experiment Go-Bridging-Header.h */ = {isa = PBXFileReference; lastKnownFileType = sourcecode.c.h; path = "Experiment Go-Bridging-Header.h"; sourceTree = SOURCE_ROOT; };
		451A6A951BBA4F2500544DFF /* GetFollowingUsersOperation.swift */ = {isa = PBXFileReference; fileEncoding = 4; lastKnownFileType = sourcecode.swift; path = GetFollowingUsersOperation.swift; sourceTree = "<group>"; };
		451A6A971BBA686200544DFF /* GetFollowersOperation.swift */ = {isa = PBXFileReference; fileEncoding = 4; lastKnownFileType = sourcecode.swift; path = GetFollowersOperation.swift; sourceTree = "<group>"; };
		451A6A991BBBAF7200544DFF /* GetCurrentUserInteretedExperimentsOperation.swift */ = {isa = PBXFileReference; fileEncoding = 4; lastKnownFileType = sourcecode.swift; path = GetCurrentUserInteretedExperimentsOperation.swift; sourceTree = "<group>"; };
		451A6A9B1BBBD60400544DFF /* GetNotificationLinksOperation.swift */ = {isa = PBXFileReference; fileEncoding = 4; lastKnownFileType = sourcecode.swift; path = GetNotificationLinksOperation.swift; sourceTree = "<group>"; };
		451A6A9D1BBBDCCD00544DFF /* FanLinkTableViewCell.swift */ = {isa = PBXFileReference; fileEncoding = 4; lastKnownFileType = sourcecode.swift; path = FanLinkTableViewCell.swift; sourceTree = "<group>"; };
		451A6A9F1BBBDD2E00544DFF /* FollowLinkTableViewCell.swift */ = {isa = PBXFileReference; fileEncoding = 4; lastKnownFileType = sourcecode.swift; path = FollowLinkTableViewCell.swift; sourceTree = "<group>"; };
		451A6AA11BBBDD4B00544DFF /* ReviewLinkTableViewCell.swift */ = {isa = PBXFileReference; fileEncoding = 4; lastKnownFileType = sourcecode.swift; path = ReviewLinkTableViewCell.swift; sourceTree = "<group>"; };
		451A6AA31BBBDD9A00544DFF /* LinkTableViewCell.swift */ = {isa = PBXFileReference; fileEncoding = 4; lastKnownFileType = sourcecode.swift; path = LinkTableViewCell.swift; sourceTree = "<group>"; };
		4537CB121B944765004378C3 /* ImageTableViewCell.swift */ = {isa = PBXFileReference; fileEncoding = 4; lastKnownFileType = sourcecode.swift; path = ImageTableViewCell.swift; sourceTree = "<group>"; };
		4537CB141B95680E004378C3 /* EditeTextTableViewController.swift */ = {isa = PBXFileReference; fileEncoding = 4; lastKnownFileType = sourcecode.swift; path = EditeTextTableViewController.swift; sourceTree = "<group>"; };
		4537CB181B959EF9004378C3 /* SubTitleTableViewCell.swift */ = {isa = PBXFileReference; fileEncoding = 4; lastKnownFileType = sourcecode.swift; path = SubTitleTableViewCell.swift; sourceTree = "<group>"; };
		45419AC61BA57F96006F8A83 /* TagCollectionViewCell.swift */ = {isa = PBXFileReference; fileEncoding = 4; lastKnownFileType = sourcecode.swift; path = TagCollectionViewCell.swift; sourceTree = "<group>"; };
		45419AC81BA58B9E006F8A83 /* TagsTableViewCell.swift */ = {isa = PBXFileReference; fileEncoding = 4; lastKnownFileType = sourcecode.swift; path = TagsTableViewCell.swift; sourceTree = "<group>"; };
		45419ACE1BA81C39006F8A83 /* AppDetailViewController.swift */ = {isa = PBXFileReference; fileEncoding = 4; lastKnownFileType = sourcecode.swift; path = AppDetailViewController.swift; sourceTree = "<group>"; };
		45629F941B5BC386000F41E6 /* ChameleonFramework.framework */ = {isa = PBXFileReference; lastKnownFileType = wrapper.framework; name = ChameleonFramework.framework; path = "Pods/../build/Debug-iphoneos/Pods-Experiment Go/ChameleonFramework.framework"; sourceTree = "<group>"; };
		4566C6AA1B55023F0036D845 /* MenuTableViewController.swift */ = {isa = PBXFileReference; fileEncoding = 4; lastKnownFileType = sourcecode.swift; path = MenuTableViewController.swift; sourceTree = "<group>"; };
		45672C0C1B5CE86800B7E8F7 /* PublicExtension.swift */ = {isa = PBXFileReference; fileEncoding = 4; lastKnownFileType = sourcecode.swift; path = PublicExtension.swift; sourceTree = "<group>"; };
		45776E9F1BB2A16F002B9003 /* ExperimentsTableViewController.swift */ = {isa = PBXFileReference; fileEncoding = 4; lastKnownFileType = sourcecode.swift; path = ExperimentsTableViewController.swift; sourceTree = "<group>"; };
		45776EA11BB2BC22002B9003 /* ExperimentAddedDVC.swift */ = {isa = PBXFileReference; fileEncoding = 4; lastKnownFileType = sourcecode.swift; path = ExperimentAddedDVC.swift; sourceTree = "<group>"; };
		45776EA31BB3DF60002B9003 /* OperatorProtocol.swift */ = {isa = PBXFileReference; fileEncoding = 4; lastKnownFileType = sourcecode.swift; path = OperatorProtocol.swift; sourceTree = "<group>"; };
		45776EA51BB5156B002B9003 /* UserDetailViewController.swift */ = {isa = PBXFileReference; fileEncoding = 4; lastKnownFileType = sourcecode.swift; path = UserDetailViewController.swift; sourceTree = "<group>"; };
		458713BA1B859751004808A3 /* CacheManager.swift */ = {isa = PBXFileReference; fileEncoding = 4; lastKnownFileType = sourcecode.swift; path = CacheManager.swift; sourceTree = "<group>"; };
		45983D0E1B71CB1000ABCF38 /* SwitchBarButtonItem.swift */ = {isa = PBXFileReference; fileEncoding = 4; lastKnownFileType = sourcecode.swift; path = SwitchBarButtonItem.swift; sourceTree = "<group>"; };
		45983D121B7342E200ABCF38 /* Experiment Go.entitlements */ = {isa = PBXFileReference; lastKnownFileType = text.xml; path = "Experiment Go.entitlements"; sourceTree = "<group>"; };
		45983D131B73430B00ABCF38 /* CloudKit.framework */ = {isa = PBXFileReference; lastKnownFileType = wrapper.framework; name = CloudKit.framework; path = System/Library/Frameworks/CloudKit.framework; sourceTree = SDKROOT; };
		459C3DB7BFCEAA28C645268E /* Pods-Experiment Go.release.xcconfig */ = {isa = PBXFileReference; includeInIndex = 1; lastKnownFileType = text.xcconfig; name = "Pods-Experiment Go.release.xcconfig"; path = "Pods/Target Support Files/Pods-Experiment Go/Pods-Experiment Go.release.xcconfig"; sourceTree = "<group>"; };
		459C8BAB1BBBE32800E80CD7 /* NotificationsTableViewController.swift */ = {isa = PBXFileReference; fileEncoding = 4; lastKnownFileType = sourcecode.swift; path = NotificationsTableViewController.swift; sourceTree = "<group>"; };
		45A023091BAFCBA600C6BB4B /* CKUsers.swift */ = {isa = PBXFileReference; fileEncoding = 4; lastKnownFileType = sourcecode.swift; lineEnding = 0; path = CKUsers.swift; sourceTree = "<group>"; xcLanguageSpecificationIdentifier = xcode.lang.swift; };
		45A0230B1BAFCBB400C6BB4B /* CKExperiment.swift */ = {isa = PBXFileReference; fileEncoding = 4; lastKnownFileType = sourcecode.swift; lineEnding = 0; path = CKExperiment.swift; sourceTree = "<group>"; xcLanguageSpecificationIdentifier = xcode.lang.swift; };
		45A0230D1BAFCBD500C6BB4B /* CKItem.swift */ = {isa = PBXFileReference; fileEncoding = 4; lastKnownFileType = sourcecode.swift; lineEnding = 0; path = CKItem.swift; sourceTree = "<group>"; xcLanguageSpecificationIdentifier = xcode.lang.swift; };
		45A023101BAFE42600C6BB4B /* GetCKObjectsOperation.swift */ = {isa = PBXFileReference; fileEncoding = 4; lastKnownFileType = sourcecode.swift; lineEnding = 0; path = GetCKObjectsOperation.swift; sourceTree = "<group>"; xcLanguageSpecificationIdentifier = xcode.lang.swift; };
		45A023171BB01B7700C6BB4B /* GetObjectsWithCreatorUserOperation.swift */ = {isa = PBXFileReference; fileEncoding = 4; lastKnownFileType = sourcecode.swift; lineEnding = 0; path = GetObjectsWithCreatorUserOperation.swift; sourceTree = "<group>"; xcLanguageSpecificationIdentifier = xcode.lang.swift; };
		45A023191BB148CF00C6BB4B /* CKLink.swift */ = {isa = PBXFileReference; fileEncoding = 4; lastKnownFileType = sourcecode.swift; lineEnding = 0; path = CKLink.swift; sourceTree = "<group>"; xcLanguageSpecificationIdentifier = xcode.lang.swift; };
		45A0231D1BB15D8700C6BB4B /* ExperimentDetailViewController.swift */ = {isa = PBXFileReference; fileEncoding = 4; lastKnownFileType = sourcecode.swift; path = ExperimentDetailViewController.swift; sourceTree = "<group>"; };
		45A0231F1BB161CC00C6BB4B /* ItemDetailViewController.swift */ = {isa = PBXFileReference; fileEncoding = 4; lastKnownFileType = sourcecode.swift; lineEnding = 0; path = ItemDetailViewController.swift; sourceTree = "<group>"; xcLanguageSpecificationIdentifier = xcode.lang.swift; };
		45A2A2411B8AE224004BEF45 /* CloudKitTableViewController.swift */ = {isa = PBXFileReference; fileEncoding = 4; lastKnownFileType = sourcecode.swift; lineEnding = 0; path = CloudKitTableViewController.swift; sourceTree = "<group>"; xcLanguageSpecificationIdentifier = xcode.lang.swift; };
		45A2A2431B8D7EF5004BEF45 /* CKItemTableViewCell.swift */ = {isa = PBXFileReference; fileEncoding = 4; lastKnownFileType = sourcecode.swift; lineEnding = 0; path = CKItemTableViewCell.swift; sourceTree = "<group>"; xcLanguageSpecificationIdentifier = xcode.lang.swift; };
		45AAB0A11B6E117200595467 /* ReviewTableViewCell.swift */ = {isa = PBXFileReference; fileEncoding = 4; lastKnownFileType = sourcecode.swift; lineEnding = 0; path = ReviewTableViewCell.swift; sourceTree = "<group>"; xcLanguageSpecificationIdentifier = xcode.lang.swift; };
		45B6FB6B1BA548040089AC15 /* SearchResultsController.swift */ = {isa = PBXFileReference; fileEncoding = 4; lastKnownFileType = sourcecode.swift; path = SearchResultsController.swift; sourceTree = "<group>"; };
		45BC4E921B6A145F00A9963F /* UserTableViewCell.swift */ = {isa = PBXFileReference; fileEncoding = 4; lastKnownFileType = sourcecode.swift; lineEnding = 0; path = UserTableViewCell.swift; sourceTree = "<group>"; xcLanguageSpecificationIdentifier = xcode.lang.swift; };
		45BC4E981B6B4F1900A9963F /* ExperimentTableViewCell.swift */ = {isa = PBXFileReference; fileEncoding = 4; lastKnownFileType = sourcecode.swift; lineEnding = 0; path = ExperimentTableViewCell.swift; sourceTree = "<group>"; xcLanguageSpecificationIdentifier = xcode.lang.swift; };
		45BC4E9D1B6DCDB800A9963F /* DefaultStyleController.swift */ = {isa = PBXFileReference; fileEncoding = 4; lastKnownFileType = sourcecode.swift; path = DefaultStyleController.swift; sourceTree = "<group>"; };
		45C2FC2E1BA01BC4003B190C /* NotificationTableViewCell.swift */ = {isa = PBXFileReference; fileEncoding = 4; lastKnownFileType = sourcecode.swift; lineEnding = 0; path = NotificationTableViewCell.swift; sourceTree = "<group>"; xcLanguageSpecificationIdentifier = xcode.lang.swift; };
		45C78D561BB94FF500D0DEC2 /* SearchExperimentsTableViewController.swift */ = {isa = PBXFileReference; fileEncoding = 4; lastKnownFileType = sourcecode.swift; path = SearchExperimentsTableViewController.swift; sourceTree = "<group>"; };
		45C78D591BB9513500D0DEC2 /* GetUserPostedExperimentsOperation.swift */ = {isa = PBXFileReference; fileEncoding = 4; lastKnownFileType = sourcecode.swift; path = GetUserPostedExperimentsOperation.swift; sourceTree = "<group>"; };
		45C78D5D1BB95D9B00D0DEC2 /* GetUserLikedExperimentsOperation.swift */ = {isa = PBXFileReference; fileEncoding = 4; lastKnownFileType = sourcecode.swift; path = GetUserLikedExperimentsOperation.swift; sourceTree = "<group>"; };
		45CBDF221B9BF9730060AB14 /* EGSplitViewController.swift */ = {isa = PBXFileReference; fileEncoding = 4; lastKnownFileType = sourcecode.swift; path = EGSplitViewController.swift; sourceTree = "<group>"; };
		45CBDF241B9C16410060AB14 /* StoreKit.framework */ = {isa = PBXFileReference; lastKnownFileType = wrapper.framework; name = StoreKit.framework; path = System/Library/Frameworks/StoreKit.framework; sourceTree = SDKROOT; };
		45DDF5CC1BA536300006A269 /* HistoryManager.swift */ = {isa = PBXFileReference; fileEncoding = 4; lastKnownFileType = sourcecode.swift; path = HistoryManager.swift; sourceTree = "<group>"; };
		45E1E21C1BB7AB8C00463B46 /* ReviewsTableViewController.swift */ = {isa = PBXFileReference; fileEncoding = 4; lastKnownFileType = sourcecode.swift; path = ReviewsTableViewController.swift; sourceTree = "<group>"; };
		45E1E21E1BB7AD3100463B46 /* GetReviewsOperation.swift */ = {isa = PBXFileReference; fileEncoding = 4; lastKnownFileType = sourcecode.swift; path = GetReviewsOperation.swift; sourceTree = "<group>"; };
		45E1E2201BB7BC2800463B46 /* ReviewViewController.swift */ = {isa = PBXFileReference; fileEncoding = 4; lastKnownFileType = sourcecode.swift; path = ReviewViewController.swift; sourceTree = "<group>"; };
		45E1E2241BB7D2CD00463B46 /* GetExperimentFansOperation.swift */ = {isa = PBXFileReference; fileEncoding = 4; lastKnownFileType = sourcecode.swift; path = GetExperimentFansOperation.swift; sourceTree = "<group>"; };
		45E1E2261BB7D7D400463B46 /* UsersTableViewController.swift */ = {isa = PBXFileReference; fileEncoding = 4; lastKnownFileType = sourcecode.swift; path = UsersTableViewController.swift; sourceTree = "<group>"; };
		45E1E2281BB7DE1D00463B46 /* SearchExperimentsOperation.swift */ = {isa = PBXFileReference; fileEncoding = 4; lastKnownFileType = sourcecode.swift; path = SearchExperimentsOperation.swift; sourceTree = "<group>"; };
		45E1E22A1BB9147000463B46 /* EditeImageTableViewController.swift */ = {isa = PBXFileReference; fileEncoding = 4; lastKnownFileType = sourcecode.swift; path = EditeImageTableViewController.swift; sourceTree = "<group>"; };
		45E1E22C1BB9182E00463B46 /* EditeValueTableViewController.swift */ = {isa = PBXFileReference; fileEncoding = 4; lastKnownFileType = sourcecode.swift; path = EditeValueTableViewController.swift; sourceTree = "<group>"; };
		45F2E0881BA57F4100785F0B /* EditeTagsCollectionViewController.swift */ = {isa = PBXFileReference; fileEncoding = 4; lastKnownFileType = sourcecode.swift; path = EditeTagsCollectionViewController.swift; sourceTree = "<group>"; };
		45FC5F761B6DD7080045F178 /* MenuItemTableViewCell.swift */ = {isa = PBXFileReference; fileEncoding = 4; lastKnownFileType = sourcecode.swift; path = MenuItemTableViewCell.swift; sourceTree = "<group>"; };
/* End PBXFileReference section */

/* Begin PBXFrameworksBuildPhase section */
		4511B27C1B4FB7CF0046DF76 /* Frameworks */ = {
			isa = PBXFrameworksBuildPhase;
			buildActionMask = 2147483647;
			files = (
				45983D141B73430B00ABCF38 /* CloudKit.framework in Frameworks */,
				45629F951B5BC386000F41E6 /* ChameleonFramework.framework in Frameworks */,
				AF79662E4748E3048A76116B /* Pods_Experiment_Go.framework in Frameworks */,
				45CBDF251B9C16410060AB14 /* StoreKit.framework in Frameworks */,
			);
			runOnlyForDeploymentPostprocessing = 0;
		};
		4511B2961B4FB7CF0046DF76 /* Frameworks */ = {
			isa = PBXFrameworksBuildPhase;
			buildActionMask = 2147483647;
			files = (
			);
			runOnlyForDeploymentPostprocessing = 0;
		};
/* End PBXFrameworksBuildPhase section */

/* Begin PBXGroup section */
		0ED5787D122823B9536DE104 /* Frameworks */ = {
			isa = PBXGroup;
			children = (
				45CBDF241B9C16410060AB14 /* StoreKit.framework */,
				45983D131B73430B00ABCF38 /* CloudKit.framework */,
				45629F941B5BC386000F41E6 /* ChameleonFramework.framework */,
				2877209060858C580BC83B66 /* Pods_Experiment_Go.framework */,
			);
			name = Frameworks;
			sourceTree = "<group>";
		};
		4511B2761B4FB7CF0046DF76 = {
			isa = PBXGroup;
			children = (
				4511B2811B4FB7CF0046DF76 /* Experiment Go */,
				4511B29C1B4FB7CF0046DF76 /* Experiment GoTests */,
				4511B2801B4FB7CF0046DF76 /* Products */,
				DF005932E6AAD7CF037CDFD1 /* Pods */,
				0ED5787D122823B9536DE104 /* Frameworks */,
			);
			sourceTree = "<group>";
		};
		4511B2801B4FB7CF0046DF76 /* Products */ = {
			isa = PBXGroup;
			children = (
				4511B27F1B4FB7CF0046DF76 /* Experiment Go.app */,
				4511B2991B4FB7CF0046DF76 /* Experiment GoTests.xctest */,
			);
			name = Products;
			sourceTree = "<group>";
		};
		4511B2811B4FB7CF0046DF76 /* Experiment Go */ = {
			isa = PBXGroup;
			children = (
				4511B2AF1B4FBA950046DF76 /* Model */,
				4511B2AD1B4FBA6F0046DF76 /* View */,
				4511B2AE1B4FBA7F0046DF76 /* Controller */,
				4511B2821B4FB7CF0046DF76 /* Supporting Files */,
			);
			path = "Experiment Go";
			sourceTree = "<group>";
		};
		4511B2821B4FB7CF0046DF76 /* Supporting Files */ = {
			isa = PBXGroup;
			children = (
				45672C0C1B5CE86800B7E8F7 /* PublicExtension.swift */,
				45BC4E9D1B6DCDB800A9963F /* DefaultStyleController.swift */,
				4511B2AB1B4FBA320046DF76 /* Images.xcassets */,
				4511B2921B4FB7CF0046DF76 /* LaunchScreen.xib */,
				45983D121B7342E200ABCF38 /* Experiment Go.entitlements */,
				4511B2B01B4FBACA0046DF76 /* Experiment Go-Bridging-Header.h */,
				4511B2831B4FB7CF0046DF76 /* Info.plist */,
			);
			name = "Supporting Files";
			sourceTree = "<group>";
		};
		4511B29C1B4FB7CF0046DF76 /* Experiment GoTests */ = {
			isa = PBXGroup;
			children = (
				4511B29F1B4FB7CF0046DF76 /* Experiment_GoTests.swift */,
				4511B29D1B4FB7CF0046DF76 /* Supporting Files */,
			);
			path = "Experiment GoTests";
			sourceTree = "<group>";
		};
		4511B29D1B4FB7CF0046DF76 /* Supporting Files */ = {
			isa = PBXGroup;
			children = (
				4511B29E1B4FB7CF0046DF76 /* Info.plist */,
			);
			name = "Supporting Files";
			sourceTree = "<group>";
		};
		4511B2AD1B4FBA6F0046DF76 /* View */ = {
			isa = PBXGroup;
			children = (
				4511B28D1B4FB7CF0046DF76 /* Main.storyboard */,
				45CBDF211B998E650060AB14 /* UIBarButtonItem */,
				45419ACA1BA7F950006F8A83 /* UICollectionViewCell */,
				45CBDF201B998E400060AB14 /* UITableViewCell */,
			);
			name = View;
			sourceTree = "<group>";
		};
		4511B2AE1B4FBA7F0046DF76 /* Controller */ = {
			isa = PBXGroup;
			children = (
				4511B2841B4FB7CF0046DF76 /* AppDelegate.swift */,
				45419ACE1BA81C39006F8A83 /* AppDetailViewController.swift */,
				45419ACB1BA7F974006F8A83 /* UISplitViewController */,
				45A2A2451B8D907E004BEF45 /* CloudKitTableViewController */,
				45BC4E9C1B6B5D1300A9963F /* ItemDetailViewController */,
				45A2A2461B8D9095004BEF45 /* EditeTableViewController */,
				45419ACC1BA7F9A2006F8A83 /* UISearchController */,
			);
			name = Controller;
			sourceTree = "<group>";
		};
		4511B2AF1B4FBA950046DF76 /* Model */ = {
			isa = PBXGroup;
			children = (
				45776EA31BB3DF60002B9003 /* OperatorProtocol.swift */,
				45DDF5CC1BA536300006A269 /* HistoryManager.swift */,
				458713BA1B859751004808A3 /* CacheManager.swift */,
				45419ACD1BA7F9EA006F8A83 /* CloudKit */,
			);
			name = Model;
			sourceTree = "<group>";
		};
		451A6AA51BBBDDA200544DFF /* LinkTableViewCell */ = {
			isa = PBXGroup;
			children = (
				451A6AA31BBBDD9A00544DFF /* LinkTableViewCell.swift */,
				451A6A9F1BBBDD2E00544DFF /* FollowLinkTableViewCell.swift */,
				451A6A9D1BBBDCCD00544DFF /* FanLinkTableViewCell.swift */,
				451A6AA11BBBDD4B00544DFF /* ReviewLinkTableViewCell.swift */,
			);
			name = LinkTableViewCell;
			sourceTree = "<group>";
		};
		45419ACA1BA7F950006F8A83 /* UICollectionViewCell */ = {
			isa = PBXGroup;
			children = (
				45419AC61BA57F96006F8A83 /* TagCollectionViewCell.swift */,
			);
			name = UICollectionViewCell;
			sourceTree = "<group>";
		};
		45419ACB1BA7F974006F8A83 /* UISplitViewController */ = {
			isa = PBXGroup;
			children = (
				45CBDF221B9BF9730060AB14 /* EGSplitViewController.swift */,
				4566C6AA1B55023F0036D845 /* MenuTableViewController.swift */,
			);
			name = UISplitViewController;
			sourceTree = "<group>";
		};
		45419ACC1BA7F9A2006F8A83 /* UISearchController */ = {
			isa = PBXGroup;
			children = (
				45B6FB6B1BA548040089AC15 /* SearchResultsController.swift */,
			);
			name = UISearchController;
			sourceTree = "<group>";
		};
		45419ACD1BA7F9EA006F8A83 /* CloudKit */ = {
			isa = PBXGroup;
			children = (
				45A023121BAFE44400C6BB4B /* GetCKObjectsOperation */,
				45A0230F1BAFDAA400C6BB4B /* CKObject */,
			);
			name = CloudKit;
			sourceTree = "<group>";
		};
		45A0230F1BAFDAA400C6BB4B /* CKObject */ = {
			isa = PBXGroup;
			children = (
				45A0230D1BAFCBD500C6BB4B /* CKItem.swift */,
				45A023091BAFCBA600C6BB4B /* CKUsers.swift */,
				45A0230B1BAFCBB400C6BB4B /* CKExperiment.swift */,
				45A023191BB148CF00C6BB4B /* CKLink.swift */,
			);
			name = CKObject;
			sourceTree = "<group>";
		};
		45A023121BAFE44400C6BB4B /* GetCKObjectsOperation */ = {
			isa = PBXGroup;
			children = (
				45A023101BAFE42600C6BB4B /* GetCKObjectsOperation.swift */,
				45A023171BB01B7700C6BB4B /* GetObjectsWithCreatorUserOperation.swift */,
				45E1E21E1BB7AD3100463B46 /* GetReviewsOperation.swift */,
				45E1E2241BB7D2CD00463B46 /* GetExperimentFansOperation.swift */,
				45E1E2281BB7DE1D00463B46 /* SearchExperimentsOperation.swift */,
				45C78D591BB9513500D0DEC2 /* GetUserPostedExperimentsOperation.swift */,
				45C78D5D1BB95D9B00D0DEC2 /* GetUserLikedExperimentsOperation.swift */,
				451A6A991BBBAF7200544DFF /* GetCurrentUserInteretedExperimentsOperation.swift */,
				451A6A951BBA4F2500544DFF /* GetFollowingUsersOperation.swift */,
				451A6A971BBA686200544DFF /* GetFollowersOperation.swift */,
				451A6A9B1BBBD60400544DFF /* GetNotificationLinksOperation.swift */,
			);
			name = GetCKObjectsOperation;
			sourceTree = "<group>";
		};
		45A2A2451B8D907E004BEF45 /* CloudKitTableViewController */ = {
			isa = PBXGroup;
			children = (
				45A2A2411B8AE224004BEF45 /* CloudKitTableViewController.swift */,
				45C78D581BB9500C00D0DEC2 /* ExperimentsTableViewController */,
				45E1E21C1BB7AB8C00463B46 /* ReviewsTableViewController.swift */,
				45E1E2261BB7D7D400463B46 /* UsersTableViewController.swift */,
				459C8BAB1BBBE32800E80CD7 /* NotificationsTableViewController.swift */,
			);
			name = CloudKitTableViewController;
			sourceTree = "<group>";
		};
		45A2A2461B8D9095004BEF45 /* EditeTableViewController */ = {
			isa = PBXGroup;
			children = (
				45E1E22C1BB9182E00463B46 /* EditeValueTableViewController.swift */,
				4537CB141B95680E004378C3 /* EditeTextTableViewController.swift */,
				45F2E0881BA57F4100785F0B /* EditeTagsCollectionViewController.swift */,
				45E1E22A1BB9147000463B46 /* EditeImageTableViewController.swift */,
			);
			name = EditeTableViewController;
			sourceTree = "<group>";
		};
		45BC4E9B1B6B5CFD00A9963F /* ItemTableViewCell */ = {
			isa = PBXGroup;
			children = (
				45A2A2431B8D7EF5004BEF45 /* CKItemTableViewCell.swift */,
				45AAB0A11B6E117200595467 /* ReviewTableViewCell.swift */,
				45BC4E981B6B4F1900A9963F /* ExperimentTableViewCell.swift */,
				45BC4E921B6A145F00A9963F /* UserTableViewCell.swift */,
				451A6AA51BBBDDA200544DFF /* LinkTableViewCell */,
				45C2FC2E1BA01BC4003B190C /* NotificationTableViewCell.swift */,
			);
			name = ItemTableViewCell;
			sourceTree = "<group>";
		};
		45BC4E9C1B6B5D1300A9963F /* ItemDetailViewController */ = {
			isa = PBXGroup;
			children = (
				45A0231F1BB161CC00C6BB4B /* ItemDetailViewController.swift */,
				45A0231D1BB15D8700C6BB4B /* ExperimentDetailViewController.swift */,
				45776EA11BB2BC22002B9003 /* ExperimentAddedDVC.swift */,
				45776EA51BB5156B002B9003 /* UserDetailViewController.swift */,
				45E1E2201BB7BC2800463B46 /* ReviewViewController.swift */,
			);
			name = ItemDetailViewController;
			sourceTree = "<group>";
		};
		45C78D581BB9500C00D0DEC2 /* ExperimentsTableViewController */ = {
			isa = PBXGroup;
			children = (
				45776E9F1BB2A16F002B9003 /* ExperimentsTableViewController.swift */,
				45C78D561BB94FF500D0DEC2 /* SearchExperimentsTableViewController.swift */,
			);
			name = ExperimentsTableViewController;
			sourceTree = "<group>";
		};
		45CBDF201B998E400060AB14 /* UITableViewCell */ = {
			isa = PBXGroup;
			children = (
				45BC4E9B1B6B5CFD00A9963F /* ItemTableViewCell */,
				45FC5F761B6DD7080045F178 /* MenuItemTableViewCell.swift */,
				4537CB181B959EF9004378C3 /* SubTitleTableViewCell.swift */,
				4537CB121B944765004378C3 /* ImageTableViewCell.swift */,
				45419AC81BA58B9E006F8A83 /* TagsTableViewCell.swift */,
			);
			name = UITableViewCell;
			sourceTree = "<group>";
		};
		45CBDF211B998E650060AB14 /* UIBarButtonItem */ = {
			isa = PBXGroup;
			children = (
				45983D0E1B71CB1000ABCF38 /* SwitchBarButtonItem.swift */,
			);
			name = UIBarButtonItem;
			sourceTree = "<group>";
		};
		DF005932E6AAD7CF037CDFD1 /* Pods */ = {
			isa = PBXGroup;
			children = (
				366775A447029F1684C5AC49 /* Pods-Experiment Go.debug.xcconfig */,
				459C3DB7BFCEAA28C645268E /* Pods-Experiment Go.release.xcconfig */,
			);
			name = Pods;
			sourceTree = "<group>";
		};
/* End PBXGroup section */

/* Begin PBXNativeTarget section */
		4511B27E1B4FB7CF0046DF76 /* Experiment Go */ = {
			isa = PBXNativeTarget;
			buildConfigurationList = 4511B2A31B4FB7CF0046DF76 /* Build configuration list for PBXNativeTarget "Experiment Go" */;
			buildPhases = (
				E8C11EE3573247C1312FAB8A /* Check Pods Manifest.lock */,
				4511B27B1B4FB7CF0046DF76 /* Sources */,
				4511B27C1B4FB7CF0046DF76 /* Frameworks */,
				4511B27D1B4FB7CF0046DF76 /* Resources */,
				3FE1E9A4AD8738EC19F505E3 /* Embed Pods Frameworks */,
				D4F74D2544A680AE19FC6E82 /* Copy Pods Resources */,
			);
			buildRules = (
			);
			dependencies = (
			);
			name = "Experiment Go";
			productName = "Experiment Go";
			productReference = 4511B27F1B4FB7CF0046DF76 /* Experiment Go.app */;
			productType = "com.apple.product-type.application";
		};
		4511B2981B4FB7CF0046DF76 /* Experiment GoTests */ = {
			isa = PBXNativeTarget;
			buildConfigurationList = 4511B2A61B4FB7CF0046DF76 /* Build configuration list for PBXNativeTarget "Experiment GoTests" */;
			buildPhases = (
				4511B2951B4FB7CF0046DF76 /* Sources */,
				4511B2961B4FB7CF0046DF76 /* Frameworks */,
				4511B2971B4FB7CF0046DF76 /* Resources */,
			);
			buildRules = (
			);
			dependencies = (
				4511B29B1B4FB7CF0046DF76 /* PBXTargetDependency */,
			);
			name = "Experiment GoTests";
			productName = "Experiment GoTests";
			productReference = 4511B2991B4FB7CF0046DF76 /* Experiment GoTests.xctest */;
			productType = "com.apple.product-type.bundle.unit-test";
		};
/* End PBXNativeTarget section */

/* Begin PBXProject section */
		4511B2771B4FB7CF0046DF76 /* Project object */ = {
			isa = PBXProject;
			attributes = {
				LastSwiftMigration = 0700;
				LastSwiftUpdateCheck = 0700;
				LastUpgradeCheck = 0700;
				ORGANIZATIONNAME = LuoJie;
				TargetAttributes = {
					4511B27E1B4FB7CF0046DF76 = {
						CreatedOnToolsVersion = 6.3;
						DevelopmentTeam = 6BDKUNMM63;
						SystemCapabilities = {
							com.apple.InAppPurchase = {
								enabled = 1;
							};
							com.apple.Push = {
								enabled = 1;
							};
							com.apple.iCloud = {
								enabled = 1;
							};
						};
					};
					4511B2981B4FB7CF0046DF76 = {
						CreatedOnToolsVersion = 6.3;
						TestTargetID = 4511B27E1B4FB7CF0046DF76;
					};
				};
			};
			buildConfigurationList = 4511B27A1B4FB7CF0046DF76 /* Build configuration list for PBXProject "Experiment Go" */;
			compatibilityVersion = "Xcode 3.2";
			developmentRegion = English;
			hasScannedForEncodings = 0;
			knownRegions = (
				en,
				Base,
			);
			mainGroup = 4511B2761B4FB7CF0046DF76;
			productRefGroup = 4511B2801B4FB7CF0046DF76 /* Products */;
			projectDirPath = "";
			projectRoot = "";
			targets = (
				4511B27E1B4FB7CF0046DF76 /* Experiment Go */,
				4511B2981B4FB7CF0046DF76 /* Experiment GoTests */,
			);
		};
/* End PBXProject section */

/* Begin PBXResourcesBuildPhase section */
		4511B27D1B4FB7CF0046DF76 /* Resources */ = {
			isa = PBXResourcesBuildPhase;
			buildActionMask = 2147483647;
			files = (
				4511B2AC1B4FBA320046DF76 /* Images.xcassets in Resources */,
				4511B28F1B4FB7CF0046DF76 /* Main.storyboard in Resources */,
				4511B2941B4FB7CF0046DF76 /* LaunchScreen.xib in Resources */,
			);
			runOnlyForDeploymentPostprocessing = 0;
		};
		4511B2971B4FB7CF0046DF76 /* Resources */ = {
			isa = PBXResourcesBuildPhase;
			buildActionMask = 2147483647;
			files = (
			);
			runOnlyForDeploymentPostprocessing = 0;
		};
/* End PBXResourcesBuildPhase section */

/* Begin PBXShellScriptBuildPhase section */
		3FE1E9A4AD8738EC19F505E3 /* Embed Pods Frameworks */ = {
			isa = PBXShellScriptBuildPhase;
			buildActionMask = 2147483647;
			files = (
			);
			inputPaths = (
			);
			name = "Embed Pods Frameworks";
			outputPaths = (
			);
			runOnlyForDeploymentPostprocessing = 0;
			shellPath = /bin/sh;
			shellScript = "\"${SRCROOT}/Pods/Target Support Files/Pods-Experiment Go/Pods-Experiment Go-frameworks.sh\"\n";
			showEnvVarsInLog = 0;
		};
		D4F74D2544A680AE19FC6E82 /* Copy Pods Resources */ = {
			isa = PBXShellScriptBuildPhase;
			buildActionMask = 2147483647;
			files = (
			);
			inputPaths = (
			);
			name = "Copy Pods Resources";
			outputPaths = (
			);
			runOnlyForDeploymentPostprocessing = 0;
			shellPath = /bin/sh;
			shellScript = "\"${SRCROOT}/Pods/Target Support Files/Pods-Experiment Go/Pods-Experiment Go-resources.sh\"\n";
			showEnvVarsInLog = 0;
		};
		E8C11EE3573247C1312FAB8A /* Check Pods Manifest.lock */ = {
			isa = PBXShellScriptBuildPhase;
			buildActionMask = 2147483647;
			files = (
			);
			inputPaths = (
			);
			name = "Check Pods Manifest.lock";
			outputPaths = (
			);
			runOnlyForDeploymentPostprocessing = 0;
			shellPath = /bin/sh;
			shellScript = "diff \"${PODS_ROOT}/../Podfile.lock\" \"${PODS_ROOT}/Manifest.lock\" > /dev/null\nif [[ $? != 0 ]] ; then\n    cat << EOM\nerror: The sandbox is not in sync with the Podfile.lock. Run 'pod install' or update your CocoaPods installation.\nEOM\n    exit 1\nfi\n";
			showEnvVarsInLog = 0;
		};
/* End PBXShellScriptBuildPhase section */

/* Begin PBXSourcesBuildPhase section */
		4511B27B1B4FB7CF0046DF76 /* Sources */ = {
			isa = PBXSourcesBuildPhase;
			buildActionMask = 2147483647;
			files = (
				45E1E22B1BB9147000463B46 /* EditeImageTableViewController.swift in Sources */,
				45E1E2271BB7D7D400463B46 /* UsersTableViewController.swift in Sources */,
				4537CB191B959EF9004378C3 /* SubTitleTableViewCell.swift in Sources */,
				451A6AA21BBBDD4B00544DFF /* ReviewLinkTableViewCell.swift in Sources */,
				45A0230A1BAFCBA600C6BB4B /* CKUsers.swift in Sources */,
				45E1E2211BB7BC2800463B46 /* ReviewViewController.swift in Sources */,
				45C2FC2F1BA01BC4003B190C /* NotificationTableViewCell.swift in Sources */,
				4537CB131B944765004378C3 /* ImageTableViewCell.swift in Sources */,
				45419AC91BA58B9E006F8A83 /* TagsTableViewCell.swift in Sources */,
				451A6A9A1BBBAF7200544DFF /* GetCurrentUserInteretedExperimentsOperation.swift in Sources */,
				45DDF5CD1BA536300006A269 /* HistoryManager.swift in Sources */,
				45A023201BB161CC00C6BB4B /* ItemDetailViewController.swift in Sources */,
				45BC4E931B6A145F00A9963F /* UserTableViewCell.swift in Sources */,
				45CBDF231B9BF9730060AB14 /* EGSplitViewController.swift in Sources */,
				45419AC71BA57F96006F8A83 /* TagCollectionViewCell.swift in Sources */,
				451A6A961BBA4F2500544DFF /* GetFollowingUsersOperation.swift in Sources */,
				45FC5F771B6DD7080045F178 /* MenuItemTableViewCell.swift in Sources */,
				451A6AA01BBBDD2E00544DFF /* FollowLinkTableViewCell.swift in Sources */,
				45E1E21D1BB7AB8C00463B46 /* ReviewsTableViewController.swift in Sources */,
				45AAB0A21B6E117200595467 /* ReviewTableViewCell.swift in Sources */,
				45C78D5A1BB9513500D0DEC2 /* GetUserPostedExperimentsOperation.swift in Sources */,
				45672C0D1B5CE86800B7E8F7 /* PublicExtension.swift in Sources */,
				45776EA01BB2A16F002B9003 /* ExperimentsTableViewController.swift in Sources */,
				4511B2851B4FB7CF0046DF76 /* AppDelegate.swift in Sources */,
				45419ACF1BA81C39006F8A83 /* AppDetailViewController.swift in Sources */,
				451A6A9C1BBBD60400544DFF /* GetNotificationLinksOperation.swift in Sources */,
				459C8BAC1BBBE32800E80CD7 /* NotificationsTableViewController.swift in Sources */,
				4566C6AB1B55023F0036D845 /* MenuTableViewController.swift in Sources */,
				45E1E22D1BB9182E00463B46 /* EditeValueTableViewController.swift in Sources */,
				45776EA41BB3DF60002B9003 /* OperatorProtocol.swift in Sources */,
				451A6AA41BBBDD9A00544DFF /* LinkTableViewCell.swift in Sources */,
				45A0230E1BAFCBD500C6BB4B /* CKItem.swift in Sources */,
				45A0231E1BB15D8700C6BB4B /* ExperimentDetailViewController.swift in Sources */,
				45A0230C1BAFCBB400C6BB4B /* CKExperiment.swift in Sources */,
				45776EA61BB5156B002B9003 /* UserDetailViewController.swift in Sources */,
				45E1E2291BB7DE1D00463B46 /* SearchExperimentsOperation.swift in Sources */,
				45C78D5E1BB95D9B00D0DEC2 /* GetUserLikedExperimentsOperation.swift in Sources */,
				451A6A9E1BBBDCCD00544DFF /* FanLinkTableViewCell.swift in Sources */,
				45A2A2421B8AE224004BEF45 /* CloudKitTableViewController.swift in Sources */,
				45A2A2441B8D7EF5004BEF45 /* CKItemTableViewCell.swift in Sources */,
				45E1E21F1BB7AD3100463B46 /* GetReviewsOperation.swift in Sources */,
				458713BB1B859751004808A3 /* CacheManager.swift in Sources */,
				45B6FB6C1BA548040089AC15 /* SearchResultsController.swift in Sources */,
				451A6A981BBA686200544DFF /* GetFollowersOperation.swift in Sources */,
				45983D0F1B71CB1000ABCF38 /* SwitchBarButtonItem.swift in Sources */,
				45A023181BB01B7700C6BB4B /* GetObjectsWithCreatorUserOperation.swift in Sources */,
				45A0231A1BB148CF00C6BB4B /* CKLink.swift in Sources */,
				45BC4E9E1B6DCDB800A9963F /* DefaultStyleController.swift in Sources */,
				45E1E2251BB7D2CD00463B46 /* GetExperimentFansOperation.swift in Sources */,
				45BC4E991B6B4F1900A9963F /* ExperimentTableViewCell.swift in Sources */,
				45776EA21BB2BC22002B9003 /* ExperimentAddedDVC.swift in Sources */,
				45F2E0891BA57F4100785F0B /* EditeTagsCollectionViewController.swift in Sources */,
				4537CB151B95680E004378C3 /* EditeTextTableViewController.swift in Sources */,
				45C78D571BB94FF500D0DEC2 /* SearchExperimentsTableViewController.swift in Sources */,
				45A023111BAFE42600C6BB4B /* GetCKObjectsOperation.swift in Sources */,
			);
			runOnlyForDeploymentPostprocessing = 0;
		};
		4511B2951B4FB7CF0046DF76 /* Sources */ = {
			isa = PBXSourcesBuildPhase;
			buildActionMask = 2147483647;
			files = (
				4511B2A01B4FB7CF0046DF76 /* Experiment_GoTests.swift in Sources */,
			);
			runOnlyForDeploymentPostprocessing = 0;
		};
/* End PBXSourcesBuildPhase section */

/* Begin PBXTargetDependency section */
		4511B29B1B4FB7CF0046DF76 /* PBXTargetDependency */ = {
			isa = PBXTargetDependency;
			target = 4511B27E1B4FB7CF0046DF76 /* Experiment Go */;
			targetProxy = 4511B29A1B4FB7CF0046DF76 /* PBXContainerItemProxy */;
		};
/* End PBXTargetDependency section */

/* Begin PBXVariantGroup section */
		4511B28D1B4FB7CF0046DF76 /* Main.storyboard */ = {
			isa = PBXVariantGroup;
			children = (
				4511B28E1B4FB7CF0046DF76 /* Base */,
			);
			name = Main.storyboard;
			sourceTree = "<group>";
		};
		4511B2921B4FB7CF0046DF76 /* LaunchScreen.xib */ = {
			isa = PBXVariantGroup;
			children = (
				4511B2931B4FB7CF0046DF76 /* Base */,
			);
			name = LaunchScreen.xib;
			sourceTree = "<group>";
		};
/* End PBXVariantGroup section */

/* Begin XCBuildConfiguration section */
		4511B2A11B4FB7CF0046DF76 /* Debug */ = {
			isa = XCBuildConfiguration;
			buildSettings = {
				ALWAYS_SEARCH_USER_PATHS = NO;
				CLANG_CXX_LANGUAGE_STANDARD = "gnu++0x";
				CLANG_CXX_LIBRARY = "libc++";
				CLANG_ENABLE_MODULES = YES;
				CLANG_ENABLE_OBJC_ARC = YES;
				CLANG_WARN_BOOL_CONVERSION = YES;
				CLANG_WARN_CONSTANT_CONVERSION = YES;
				CLANG_WARN_DIRECT_OBJC_ISA_USAGE = YES_ERROR;
				CLANG_WARN_EMPTY_BODY = YES;
				CLANG_WARN_ENUM_CONVERSION = YES;
				CLANG_WARN_INT_CONVERSION = YES;
				CLANG_WARN_OBJC_ROOT_CLASS = YES_ERROR;
				CLANG_WARN_UNREACHABLE_CODE = YES;
				CLANG_WARN__DUPLICATE_METHOD_MATCH = YES;
				"CODE_SIGN_IDENTITY[sdk=iphoneos*]" = "iPhone Developer";
				COPY_PHASE_STRIP = NO;
				DEBUG_INFORMATION_FORMAT = "dwarf-with-dsym";
				ENABLE_BITCODE = NO;
				ENABLE_STRICT_OBJC_MSGSEND = YES;
				ENABLE_TESTABILITY = YES;
				GCC_C_LANGUAGE_STANDARD = gnu99;
				GCC_DYNAMIC_NO_PIC = NO;
				GCC_NO_COMMON_BLOCKS = YES;
				GCC_OPTIMIZATION_LEVEL = 0;
				GCC_PREPROCESSOR_DEFINITIONS = (
					"DEBUG=1",
					"$(inherited)",
				);
				GCC_SYMBOLS_PRIVATE_EXTERN = NO;
				GCC_WARN_64_TO_32_BIT_CONVERSION = YES;
				GCC_WARN_ABOUT_RETURN_TYPE = YES_ERROR;
				GCC_WARN_UNDECLARED_SELECTOR = YES;
				GCC_WARN_UNINITIALIZED_AUTOS = YES_AGGRESSIVE;
				GCC_WARN_UNUSED_FUNCTION = YES;
				GCC_WARN_UNUSED_VARIABLE = YES;
				IPHONEOS_DEPLOYMENT_TARGET = 8.3;
				MTL_ENABLE_DEBUG_INFO = YES;
				ONLY_ACTIVE_ARCH = YES;
				SDKROOT = iphoneos;
				SWIFT_OPTIMIZATION_LEVEL = "-Onone";
				TARGETED_DEVICE_FAMILY = "1,2";
			};
			name = Debug;
		};
		4511B2A21B4FB7CF0046DF76 /* Release */ = {
			isa = XCBuildConfiguration;
			buildSettings = {
				ALWAYS_SEARCH_USER_PATHS = NO;
				CLANG_CXX_LANGUAGE_STANDARD = "gnu++0x";
				CLANG_CXX_LIBRARY = "libc++";
				CLANG_ENABLE_MODULES = YES;
				CLANG_ENABLE_OBJC_ARC = YES;
				CLANG_WARN_BOOL_CONVERSION = YES;
				CLANG_WARN_CONSTANT_CONVERSION = YES;
				CLANG_WARN_DIRECT_OBJC_ISA_USAGE = YES_ERROR;
				CLANG_WARN_EMPTY_BODY = YES;
				CLANG_WARN_ENUM_CONVERSION = YES;
				CLANG_WARN_INT_CONVERSION = YES;
				CLANG_WARN_OBJC_ROOT_CLASS = YES_ERROR;
				CLANG_WARN_UNREACHABLE_CODE = YES;
				CLANG_WARN__DUPLICATE_METHOD_MATCH = YES;
				"CODE_SIGN_IDENTITY[sdk=iphoneos*]" = "iPhone Developer";
				COPY_PHASE_STRIP = NO;
				DEBUG_INFORMATION_FORMAT = "dwarf-with-dsym";
				ENABLE_BITCODE = NO;
				ENABLE_NS_ASSERTIONS = NO;
				ENABLE_STRICT_OBJC_MSGSEND = YES;
				GCC_C_LANGUAGE_STANDARD = gnu99;
				GCC_NO_COMMON_BLOCKS = YES;
				GCC_WARN_64_TO_32_BIT_CONVERSION = YES;
				GCC_WARN_ABOUT_RETURN_TYPE = YES_ERROR;
				GCC_WARN_UNDECLARED_SELECTOR = YES;
				GCC_WARN_UNINITIALIZED_AUTOS = YES_AGGRESSIVE;
				GCC_WARN_UNUSED_FUNCTION = YES;
				GCC_WARN_UNUSED_VARIABLE = YES;
				IPHONEOS_DEPLOYMENT_TARGET = 8.3;
				MTL_ENABLE_DEBUG_INFO = NO;
				ONLY_ACTIVE_ARCH = NO;
				SDKROOT = iphoneos;
				TARGETED_DEVICE_FAMILY = "1,2";
				VALIDATE_PRODUCT = YES;
			};
			name = Release;
		};
		4511B2A41B4FB7CF0046DF76 /* Debug */ = {
			isa = XCBuildConfiguration;
			baseConfigurationReference = 366775A447029F1684C5AC49 /* Pods-Experiment Go.debug.xcconfig */;
			buildSettings = {
				ASSETCATALOG_COMPILER_APPICON_NAME = AppIcon;
				CLANG_ENABLE_MODULES = YES;
				CODE_SIGN_ENTITLEMENTS = "Experiment Go/Experiment Go.entitlements";
				CODE_SIGN_IDENTITY = "iPhone Developer";
				"CODE_SIGN_IDENTITY[sdk=iphoneos*]" = "iPhone Developer";
				ENABLE_BITCODE = NO;
				INFOPLIST_FILE = "Experiment Go/Info.plist";
				IPHONEOS_DEPLOYMENT_TARGET = 8.0;
				LD_RUNPATH_SEARCH_PATHS = "$(inherited) @executable_path/Frameworks";
				PRODUCT_BUNDLE_IDENTIFIER = "cn.beeth0ven.Experiment-Go";
				PRODUCT_NAME = "$(TARGET_NAME)";
				PROVISIONING_PROFILE = "";
				SWIFT_OBJC_BRIDGING_HEADER = "Experiment Go-Bridging-Header.h";
				SWIFT_OPTIMIZATION_LEVEL = "-Onone";
			};
			name = Debug;
		};
		4511B2A51B4FB7CF0046DF76 /* Release */ = {
			isa = XCBuildConfiguration;
			baseConfigurationReference = 459C3DB7BFCEAA28C645268E /* Pods-Experiment Go.release.xcconfig */;
			buildSettings = {
				ASSETCATALOG_COMPILER_APPICON_NAME = AppIcon;
				CLANG_ENABLE_MODULES = YES;
				CODE_SIGN_ENTITLEMENTS = "Experiment Go/Experiment Go.entitlements";
				CODE_SIGN_IDENTITY = "iPhone Developer";
				"CODE_SIGN_IDENTITY[sdk=iphoneos*]" = "iPhone Developer";
				ENABLE_BITCODE = NO;
				INFOPLIST_FILE = "Experiment Go/Info.plist";
				IPHONEOS_DEPLOYMENT_TARGET = 8.0;
				LD_RUNPATH_SEARCH_PATHS = "$(inherited) @executable_path/Frameworks";
				PRODUCT_BUNDLE_IDENTIFIER = "cn.beeth0ven.Experiment-Go";
				PRODUCT_NAME = "$(TARGET_NAME)";
				PROVISIONING_PROFILE = "";
				SWIFT_OBJC_BRIDGING_HEADER = "Experiment Go-Bridging-Header.h";
			};
			name = Release;
		};
		4511B2A71B4FB7CF0046DF76 /* Debug */ = {
			isa = XCBuildConfiguration;
			buildSettings = {
				BUNDLE_LOADER = "$(TEST_HOST)";
				FRAMEWORK_SEARCH_PATHS = "$(inherited)";
				GCC_PREPROCESSOR_DEFINITIONS = (
					"DEBUG=1",
					"$(inherited)",
				);
				INFOPLIST_FILE = "Experiment GoTests/Info.plist";
				LD_RUNPATH_SEARCH_PATHS = "$(inherited) @executable_path/Frameworks @loader_path/Frameworks";
				PRODUCT_BUNDLE_IDENTIFIER = "-BDKUNMM63.cn.beeth0ven.$(PRODUCT_NAME:rfc1034identifier)";
				PRODUCT_NAME = "$(TARGET_NAME)";
				TEST_HOST = "$(BUILT_PRODUCTS_DIR)/Experiment Go.app/Experiment Go";
			};
			name = Debug;
		};
		4511B2A81B4FB7CF0046DF76 /* Release */ = {
			isa = XCBuildConfiguration;
			buildSettings = {
				BUNDLE_LOADER = "$(TEST_HOST)";
				FRAMEWORK_SEARCH_PATHS = "$(inherited)";
				INFOPLIST_FILE = "Experiment GoTests/Info.plist";
				LD_RUNPATH_SEARCH_PATHS = "$(inherited) @executable_path/Frameworks @loader_path/Frameworks";
				PRODUCT_BUNDLE_IDENTIFIER = "-BDKUNMM63.cn.beeth0ven.$(PRODUCT_NAME:rfc1034identifier)";
				PRODUCT_NAME = "$(TARGET_NAME)";
				TEST_HOST = "$(BUILT_PRODUCTS_DIR)/Experiment Go.app/Experiment Go";
			};
			name = Release;
		};
/* End XCBuildConfiguration section */

/* Begin XCConfigurationList section */
		4511B27A1B4FB7CF0046DF76 /* Build configuration list for PBXProject "Experiment Go" */ = {
			isa = XCConfigurationList;
			buildConfigurations = (
				4511B2A11B4FB7CF0046DF76 /* Debug */,
				4511B2A21B4FB7CF0046DF76 /* Release */,
			);
			defaultConfigurationIsVisible = 0;
			defaultConfigurationName = Release;
		};
		4511B2A31B4FB7CF0046DF76 /* Build configuration list for PBXNativeTarget "Experiment Go" */ = {
			isa = XCConfigurationList;
			buildConfigurations = (
				4511B2A41B4FB7CF0046DF76 /* Debug */,
				4511B2A51B4FB7CF0046DF76 /* Release */,
			);
			defaultConfigurationIsVisible = 0;
			defaultConfigurationName = Release;
		};
		4511B2A61B4FB7CF0046DF76 /* Build configuration list for PBXNativeTarget "Experiment GoTests" */ = {
			isa = XCConfigurationList;
			buildConfigurations = (
				4511B2A71B4FB7CF0046DF76 /* Debug */,
				4511B2A81B4FB7CF0046DF76 /* Release */,
			);
			defaultConfigurationIsVisible = 0;
			defaultConfigurationName = Release;
		};
/* End XCConfigurationList section */
	};
	rootObject = 4511B2771B4FB7CF0046DF76 /* Project object */;
}
